
Microsoft Visual Studio Solution File, Format Version 12.00
# Visual Studio Version 17
VisualStudioVersion = 17.1.32319.34
MinimumVisualStudioVersion = 10.0.40219.1
Project("{FAE04EC0-301F-11D3-BF4B-00C04F79EFBC}") = "1.DAL", "1.DAL\1.DAL.csproj", "{B3EBDC02-E2F2-4F69-9F8C-A836E4175125}"
EndProject
Project("{FAE04EC0-301F-11D3-BF4B-00C04F79EFBC}") = "2.BUS", "2.BUS\2.BUS.csproj", "{2D3AEA11-6949-4F54-8BE6-BDFC34CE9C51}"
EndProject
Project("{FAE04EC0-301F-11D3-BF4B-00C04F79EFBC}") = "3.PresentationLayers", "3.PresentationLayers\3.PresentationLayers.csproj", "{0EC369FD-EA11-4314-B911-CF6E89862EE0}"
EndProject
Global
	GlobalSection(SolutionConfigurationPlatforms) = preSolution
		Debug|Any CPU = Debug|Any CPU
		Release|Any CPU = Release|Any CPU
	EndGlobalSection
	GlobalSection(ProjectConfigurationPlatforms) = postSolution
		{B3EBDC02-E2F2-4F69-9F8C-A836E4175125}.Debug|Any CPU.ActiveCfg = Debug|Any CPU
		{B3EBDC02-E2F2-4F69-9F8C-A836E4175125}.Debug|Any CPU.Build.0 = Debug|Any CPU
		{B3EBDC02-E2F2-4F69-9F8C-A836E4175125}.Release|Any CPU.ActiveCfg = Release|Any CPU
		{B3EBDC02-E2F2-4F69-9F8C-A836E4175125}.Release|Any CPU.Build.0 = Release|Any CPU
		{2D3AEA11-6949-4F54-8BE6-BDFC34CE9C51}.Debug|Any CPU.ActiveCfg = Debug|Any CPU
		{2D3AEA11-6949-4F54-8BE6-BDFC34CE9C51}.Debug|Any CPU.Build.0 = Debug|Any CPU
		{2D3AEA11-6949-4F54-8BE6-BDFC34CE9C51}.Release|Any CPU.ActiveCfg = Release|Any CPU
		{2D3AEA11-6949-4F54-8BE6-BDFC34CE9C51}.Release|Any CPU.Build.0 = Release|Any CPU
		{0EC369FD-EA11-4314-B911-CF6E89862EE0}.Debug|Any CPU.ActiveCfg = Debug|Any CPU
		{0EC369FD-EA11-4314-B911-CF6E89862EE0}.Debug|Any CPU.Build.0 = Debug|Any CPU
		{0EC369FD-EA11-4314-B911-CF6E89862EE0}.Release|Any CPU.ActiveCfg = Release|Any CPU
		{0EC369FD-EA11-4314-B911-CF6E89862EE0}.Release|Any CPU.Build.0 = Release|Any CPU
	EndGlobalSection
	GlobalSection(SolutionProperties) = preSolution
		HideSolutionNode = FALSE
	EndGlobalSection
	GlobalSection(ExtensibilityGlobals) = postSolution
		SolutionGuid = {15CE9B8E-E3D6-47DA-B342-470114A9D65B}
	EndGlobalSection
EndGlobal
